{
  "name": "dz1",
  "lockfileVersion": 2,
  "requires": true,
  "packages": {
    "": {
      "dependencies": {
        "gulp-fonter-fix": "^0.0.1"
      }
    },
    "node_modules/fonteditor-core": {
      "version": "1.0.5",
      "resolved": "https://registry.npmjs.org/fonteditor-core/-/fonteditor-core-1.0.5.tgz",
      "integrity": "sha512-/WLXbTOJKFA12DWIOZcXDWY45MoQoyymPn/zIgqqLcaBhfzYTAg/e7m2svhEzgYUVa5MiRfqmsWSlrjiNBHezg==",
      "dependencies": {
        "xmldom": "~0.1.19"
      }
    },
    "node_modules/gulp-fonter-fix": {
      "version": "0.0.1",
      "resolved": "https://registry.npmjs.org/gulp-fonter-fix/-/gulp-fonter-fix-0.0.1.tgz",
      "integrity": "sha512-H1XSn0Nys5s1TTaF+g/TPjVmW+2dNySVF1p1l6a0/AjAPpX6fXgXAPRZaT4LznakpxcjMNGsd+mLix1AGKqAVA==",
      "dependencies": {
        "fonteditor-core": "^1.0.5"
      }
    },
    "node_modules/xmldom": {
      "version": "0.1.31",
      "resolved": "https://registry.npmjs.org/xmldom/-/xmldom-0.1.31.tgz",
      "integrity": "sha512-yS2uJflVQs6n+CyjHoaBmVSqIDevTAWrzMmjG1Gc7h1qQ7uVozNhEPJAwZXWyGQ/Gafo3fCwrcaokezLPupVyQ==",
      "deprecated": "Deprecated due to CVE-2021-21366 resolved in 0.5.0",
      "engines": {
        "node": ">=0.1"
      }
    }
  },
  "dependencies": {
    "fonteditor-core": {
      "version": "1.0.5",
      "resolved": "https://registry.npmjs.org/fonteditor-core/-/fonteditor-core-1.0.5.tgz",
      "integrity": "sha512-/WLXbTOJKFA12DWIOZcXDWY45MoQoyymPn/zIgqqLcaBhfzYTAg/e7m2svhEzgYUVa5MiRfqmsWSlrjiNBHezg==",
      "requires": {
        "xmldom": "~0.1.19"
      }
    },
    "gulp-fonter-fix": {
      "version": "0.0.1",
      "resolved": "https://registry.npmjs.org/gulp-fonter-fix/-/gulp-fonter-fix-0.0.1.tgz",
      "integrity": "sha512-H1XSn0Nys5s1TTaF+g/TPjVmW+2dNySVF1p1l6a0/AjAPpX6fXgXAPRZaT4LznakpxcjMNGsd+mLix1AGKqAVA==",
      "requires": {
        "fonteditor-core": "^1.0.5"
      }
    },
    "xmldom": {
      "version": "0.1.31",
      "resolved": "https://registry.npmjs.org/xmldom/-/xmldom-0.1.31.tgz",
      "integrity": "sha512-yS2uJflVQs6n+CyjHoaBmVSqIDevTAWrzMmjG1Gc7h1qQ7uVozNhEPJAwZXWyGQ/Gafo3fCwrcaokezLPupVyQ=="
    }
  }
}
